
Microsoft Visual Studio Solution File, Format Version 12.00
# Visual Studio Version 16
VisualStudioVersion = 25.0.1706.1
MinimumVisualStudioVersion = 10.0.40219.1
Project("{FAE04EC0-301F-11D3-BF4B-00C04F79EFBC}") = "TeamsNotificationService", "TeamsNotificationService\TeamsNotificationService.csproj", "{2983EA55-FC05-4460-9C8D-98FCFCD307F6}"
EndProject
Project("{FAE04EC0-301F-11D3-BF4B-00C04F79EFBC}") = "NotificationServiceTests", "NotificationServiceTests\NotificationServiceTests.csproj", "{3E394E2C-07C3-4629-985E-5E1FC8AD59BF}"
EndProject
Global
	GlobalSection(SolutionConfigurationPlatforms) = preSolution
		Debug|Any CPU = Debug|Any CPU
		Release|Any CPU = Release|Any CPU
	EndGlobalSection
	GlobalSection(ProjectConfigurationPlatforms) = postSolution
		{2983EA55-FC05-4460-9C8D-98FCFCD307F6}.Debug|Any CPU.ActiveCfg = Debug|Any CPU
		{2983EA55-FC05-4460-9C8D-98FCFCD307F6}.Debug|Any CPU.Build.0 = Debug|Any CPU
		{2983EA55-FC05-4460-9C8D-98FCFCD307F6}.Release|Any CPU.ActiveCfg = Release|Any CPU
		{2983EA55-FC05-4460-9C8D-98FCFCD307F6}.Release|Any CPU.Build.0 = Release|Any CPU
		{3E394E2C-07C3-4629-985E-5E1FC8AD59BF}.Debug|Any CPU.ActiveCfg = Debug|Any CPU
		{3E394E2C-07C3-4629-985E-5E1FC8AD59BF}.Debug|Any CPU.Build.0 = Debug|Any CPU
		{3E394E2C-07C3-4629-985E-5E1FC8AD59BF}.Release|Any CPU.ActiveCfg = Release|Any CPU
		{3E394E2C-07C3-4629-985E-5E1FC8AD59BF}.Release|Any CPU.Build.0 = Release|Any CPU
	EndGlobalSection
	GlobalSection(SolutionProperties) = preSolution
		HideSolutionNode = FALSE
	EndGlobalSection
	GlobalSection(ExtensibilityGlobals) = postSolution
		SolutionGuid = {CECA1242-A515-4F1F-829A-9A06A02E622E}
	EndGlobalSection
EndGlobal
